
Microsoft Visual Studio Solution File, Format Version 12.00
# Visual Studio Version 17
VisualStudioVersion = 17.5.33502.453
MinimumVisualStudioVersion = 10.0.40219.1
Project("{FAE04EC0-301F-11D3-BF4B-00C04F79EFBC}") = "Auth-Web", "Auth-Web\Auth-Web.csproj", "{B1D5E668-EFC9-4ACA-8192-D298A7AEED32}"
EndProject
Global
	GlobalSection(SolutionConfigurationPlatforms) = preSolution
		Debug|Any CPU = Debug|Any CPU
		Release|Any CPU = Release|Any CPU
	EndGlobalSection
	GlobalSection(ProjectConfigurationPlatforms) = postSolution
		{B1D5E668-EFC9-4ACA-8192-D298A7AEED32}.Debug|Any CPU.ActiveCfg = Debug|Any CPU
		{B1D5E668-EFC9-4ACA-8192-D298A7AEED32}.Debug|Any CPU.Build.0 = Debug|Any CPU
		{B1D5E668-EFC9-4ACA-8192-D298A7AEED32}.Release|Any CPU.ActiveCfg = Release|Any CPU
		{B1D5E668-EFC9-4ACA-8192-D298A7AEED32}.Release|Any CPU.Build.0 = Release|Any CPU
	EndGlobalSection
	GlobalSection(SolutionProperties) = preSolution
		HideSolutionNode = FALSE
	EndGlobalSection
	GlobalSection(ExtensibilityGlobals) = postSolution
		SolutionGuid = {D990DAFB-251E-403B-85B9-9C483C7E6EF6}
	EndGlobalSection
EndGlobal
